Microsoft Visual Studio Solution File, Format Version 11.00
# Visual Studio 2008

Project("{A9A55C5C-BA12-EF79-8236-C4858D3779EB}") = "ARotterdam2.0", "Assembly-CSharp.csproj", "{028BC109-06AE-7D01-55E5-9A8ABE4D497B}"
EndProject
Project("{A9A55C5C-BA12-EF79-8236-C4858D3779EB}") = "ARotterdam2.0", "Assembly-CSharp-Editor.csproj", "{438ACA81-E6E4-DE4B-C861-1EB16185CB2A}"
EndProject
Global
	GlobalSection(SolutionConfigurationPlatforms) = preSolution
		Debug|Any CPU = Debug|Any CPU
		Release|Any CPU = Release|Any CPU
	EndGlobalSection
	GlobalSection(ProjectConfigurationPlatforms) = postSolution
		{028BC109-06AE-7D01-55E5-9A8ABE4D497B}.Debug|Any CPU.ActiveCfg = Debug|Any CPU
		{028BC109-06AE-7D01-55E5-9A8ABE4D497B}.Debug|Any CPU.Build.0 = Debug|Any CPU
		{028BC109-06AE-7D01-55E5-9A8ABE4D497B}.Release|Any CPU.ActiveCfg = Release|Any CPU
		{028BC109-06AE-7D01-55E5-9A8ABE4D497B}.Release|Any CPU.Build.0 = Release|Any CPU
		{438ACA81-E6E4-DE4B-C861-1EB16185CB2A}.Debug|Any CPU.ActiveCfg = Debug|Any CPU
		{438ACA81-E6E4-DE4B-C861-1EB16185CB2A}.Debug|Any CPU.Build.0 = Debug|Any CPU
		{438ACA81-E6E4-DE4B-C861-1EB16185CB2A}.Release|Any CPU.ActiveCfg = Release|Any CPU
		{438ACA81-E6E4-DE4B-C861-1EB16185CB2A}.Release|Any CPU.Build.0 = Release|Any CPU
	EndGlobalSection
	GlobalSection(SolutionProperties) = preSolution
		HideSolutionNode = FALSE
	EndGlobalSection
	GlobalSection(MonoDevelopProperties) = preSolution
		StartupItem = Assembly-CSharp.csproj
	EndGlobalSection
EndGlobal
